// !$*UTF8*$!
{
	archiveVersion = 1;
	classes = {
	};
	objectVersion = 56;
	objects = {

/* Begin PBXBuildFile section */
		AA44F72A2959DA2D008101E1 /* TouchdownApp_SwiftUIApp.swift in Sources */ = {isa = PBXBuildFile; fileRef = AA44F7292959DA2D008101E1 /* TouchdownApp_SwiftUIApp.swift */; };
		AA44F72C2959DA2D008101E1 /* ContentView.swift in Sources */ = {isa = PBXBuildFile; fileRef = AA44F72B2959DA2D008101E1 /* ContentView.swift */; };
		AA44F72E2959DA2F008101E1 /* Assets.xcassets in Resources */ = {isa = PBXBuildFile; fileRef = AA44F72D2959DA2F008101E1 /* Assets.xcassets */; };
		AA44F7312959DA2F008101E1 /* Preview Assets.xcassets in Resources */ = {isa = PBXBuildFile; fileRef = AA44F7302959DA2F008101E1 /* Preview Assets.xcassets */; };
		AA44F73C2959E103008101E1 /* category.json in Resources */ = {isa = PBXBuildFile; fileRef = AA44F7382959E103008101E1 /* category.json */; };
		AA44F73D2959E103008101E1 /* player.json in Resources */ = {isa = PBXBuildFile; fileRef = AA44F7392959E103008101E1 /* player.json */; };
		AA44F73E2959E103008101E1 /* product.json in Resources */ = {isa = PBXBuildFile; fileRef = AA44F73A2959E103008101E1 /* product.json */; };
		AA44F73F2959E103008101E1 /* brand.json in Resources */ = {isa = PBXBuildFile; fileRef = AA44F73B2959E103008101E1 /* brand.json */; };
		AA7F85AA2959E2C000F0D26A /* Constant.swift in Sources */ = {isa = PBXBuildFile; fileRef = AA7F85A92959E2C000F0D26A /* Constant.swift */; };
		AA7F85AC2959E37500F0D26A /* FooterView.swift in Sources */ = {isa = PBXBuildFile; fileRef = AA7F85AB2959E37500F0D26A /* FooterView.swift */; };
		AADDFE71295DA8DA0054885F /* NavigationBarView.swift in Sources */ = {isa = PBXBuildFile; fileRef = AADDFE70295DA8DA0054885F /* NavigationBarView.swift */; };
		AADDFE73295DAA2A0054885F /* LogoView.swift in Sources */ = {isa = PBXBuildFile; fileRef = AADDFE72295DAA2A0054885F /* LogoView.swift */; };
		AADDFE75295DB5CF0054885F /* PlayerModel.swift in Sources */ = {isa = PBXBuildFile; fileRef = AADDFE74295DB5CF0054885F /* PlayerModel.swift */; };
		AADDFE77295DB5FB0054885F /* CodableBundleExtension.swift in Sources */ = {isa = PBXBuildFile; fileRef = AADDFE76295DB5FB0054885F /* CodableBundleExtension.swift */; };
		AADDFE79295DB73F0054885F /* FeaturedItemView.swift in Sources */ = {isa = PBXBuildFile; fileRef = AADDFE78295DB73F0054885F /* FeaturedItemView.swift */; };
		AADDFE7B295DB7E40054885F /* FeaturedTabView.swift in Sources */ = {isa = PBXBuildFile; fileRef = AADDFE7A295DB7E40054885F /* FeaturedTabView.swift */; };
		AADDFE7D295DC5890054885F /* CategoryModel.swift in Sources */ = {isa = PBXBuildFile; fileRef = AADDFE7C295DC5890054885F /* CategoryModel.swift */; };
		AADDFE7F295DC70E0054885F /* CategoryItemView.swift in Sources */ = {isa = PBXBuildFile; fileRef = AADDFE7E295DC70E0054885F /* CategoryItemView.swift */; };
		AADDFE81295DC88B0054885F /* CategoryGridView.swift in Sources */ = {isa = PBXBuildFile; fileRef = AADDFE80295DC88B0054885F /* CategoryGridView.swift */; };
		AADDFE83295DCA590054885F /* SectionView.swift in Sources */ = {isa = PBXBuildFile; fileRef = AADDFE82295DCA590054885F /* SectionView.swift */; };
		AAEC7E68295EEBBD00811615 /* TitleView.swift in Sources */ = {isa = PBXBuildFile; fileRef = AAEC7E67295EEBBD00811615 /* TitleView.swift */; };
		AAEC7E6A295EECAD00811615 /* ProductModel.swift in Sources */ = {isa = PBXBuildFile; fileRef = AAEC7E69295EECAD00811615 /* ProductModel.swift */; };
		AAEC7E6C295EED6700811615 /* ProductItemView.swift in Sources */ = {isa = PBXBuildFile; fileRef = AAEC7E6B295EED6700811615 /* ProductItemView.swift */; };
/* End PBXBuildFile section */

/* Begin PBXFileReference section */
		AA44F7262959DA2D008101E1 /* TouchdownApp_SwiftUI.app */ = {isa = PBXFileReference; explicitFileType = wrapper.application; includeInIndex = 0; path = TouchdownApp_SwiftUI.app; sourceTree = BUILT_PRODUCTS_DIR; };
		AA44F7292959DA2D008101E1 /* TouchdownApp_SwiftUIApp.swift */ = {isa = PBXFileReference; lastKnownFileType = sourcecode.swift; path = TouchdownApp_SwiftUIApp.swift; sourceTree = "<group>"; };
		AA44F72B2959DA2D008101E1 /* ContentView.swift */ = {isa = PBXFileReference; lastKnownFileType = sourcecode.swift; path = ContentView.swift; sourceTree = "<group>"; };
		AA44F72D2959DA2F008101E1 /* Assets.xcassets */ = {isa = PBXFileReference; lastKnownFileType = folder.assetcatalog; path = Assets.xcassets; sourceTree = "<group>"; };
		AA44F7302959DA2F008101E1 /* Preview Assets.xcassets */ = {isa = PBXFileReference; lastKnownFileType = folder.assetcatalog; path = "Preview Assets.xcassets"; sourceTree = "<group>"; };
		AA44F7382959E103008101E1 /* category.json */ = {isa = PBXFileReference; fileEncoding = 4; lastKnownFileType = text.json; path = category.json; sourceTree = "<group>"; };
		AA44F7392959E103008101E1 /* player.json */ = {isa = PBXFileReference; fileEncoding = 4; lastKnownFileType = text.json; path = player.json; sourceTree = "<group>"; };
		AA44F73A2959E103008101E1 /* product.json */ = {isa = PBXFileReference; fileEncoding = 4; lastKnownFileType = text.json; path = product.json; sourceTree = "<group>"; };
		AA44F73B2959E103008101E1 /* brand.json */ = {isa = PBXFileReference; fileEncoding = 4; lastKnownFileType = text.json; path = brand.json; sourceTree = "<group>"; };
		AA44F7402959E159008101E1 /* TouchdownApp-SwiftUI-Info.plist */ = {isa = PBXFileReference; lastKnownFileType = text.plist; path = "TouchdownApp-SwiftUI-Info.plist"; sourceTree = SOURCE_ROOT; };
		AA7F85A92959E2C000F0D26A /* Constant.swift */ = {isa = PBXFileReference; lastKnownFileType = sourcecode.swift; path = Constant.swift; sourceTree = "<group>"; };
		AA7F85AB2959E37500F0D26A /* FooterView.swift */ = {isa = PBXFileReference; lastKnownFileType = sourcecode.swift; path = FooterView.swift; sourceTree = "<group>"; };
		AADDFE70295DA8DA0054885F /* NavigationBarView.swift */ = {isa = PBXFileReference; lastKnownFileType = sourcecode.swift; path = NavigationBarView.swift; sourceTree = "<group>"; };
		AADDFE72295DAA2A0054885F /* LogoView.swift */ = {isa = PBXFileReference; lastKnownFileType = sourcecode.swift; path = LogoView.swift; sourceTree = "<group>"; };
		AADDFE74295DB5CF0054885F /* PlayerModel.swift */ = {isa = PBXFileReference; lastKnownFileType = sourcecode.swift; path = PlayerModel.swift; sourceTree = "<group>"; };
		AADDFE76295DB5FB0054885F /* CodableBundleExtension.swift */ = {isa = PBXFileReference; lastKnownFileType = sourcecode.swift; path = CodableBundleExtension.swift; sourceTree = "<group>"; };
		AADDFE78295DB73F0054885F /* FeaturedItemView.swift */ = {isa = PBXFileReference; lastKnownFileType = sourcecode.swift; path = FeaturedItemView.swift; sourceTree = "<group>"; };
		AADDFE7A295DB7E40054885F /* FeaturedTabView.swift */ = {isa = PBXFileReference; lastKnownFileType = sourcecode.swift; path = FeaturedTabView.swift; sourceTree = "<group>"; };
		AADDFE7C295DC5890054885F /* CategoryModel.swift */ = {isa = PBXFileReference; lastKnownFileType = sourcecode.swift; path = CategoryModel.swift; sourceTree = "<group>"; };
		AADDFE7E295DC70E0054885F /* CategoryItemView.swift */ = {isa = PBXFileReference; lastKnownFileType = sourcecode.swift; path = CategoryItemView.swift; sourceTree = "<group>"; };
		AADDFE80295DC88B0054885F /* CategoryGridView.swift */ = {isa = PBXFileReference; lastKnownFileType = sourcecode.swift; path = CategoryGridView.swift; sourceTree = "<group>"; };
		AADDFE82295DCA590054885F /* SectionView.swift */ = {isa = PBXFileReference; lastKnownFileType = sourcecode.swift; path = SectionView.swift; sourceTree = "<group>"; };
		AAEC7E67295EEBBD00811615 /* TitleView.swift */ = {isa = PBXFileReference; lastKnownFileType = sourcecode.swift; path = TitleView.swift; sourceTree = "<group>"; };
		AAEC7E69295EECAD00811615 /* ProductModel.swift */ = {isa = PBXFileReference; lastKnownFileType = sourcecode.swift; path = ProductModel.swift; sourceTree = "<group>"; };
		AAEC7E6B295EED6700811615 /* ProductItemView.swift */ = {isa = PBXFileReference; lastKnownFileType = sourcecode.swift; path = ProductItemView.swift; sourceTree = "<group>"; };
/* End PBXFileReference section */

/* Begin PBXFrameworksBuildPhase section */
		AA44F7232959DA2D008101E1 /* Frameworks */ = {
			isa = PBXFrameworksBuildPhase;
			buildActionMask = 2147483647;
			files = (
			);
			runOnlyForDeploymentPostprocessing = 0;
		};
/* End PBXFrameworksBuildPhase section */

/* Begin PBXGroup section */
		AA44F71D2959DA2D008101E1 = {
			isa = PBXGroup;
			children = (
				AA44F7282959DA2D008101E1 /* TouchdownApp_SwiftUI */,
				AA44F7272959DA2D008101E1 /* Products */,
			);
			sourceTree = "<group>";
		};
		AA44F7272959DA2D008101E1 /* Products */ = {
			isa = PBXGroup;
			children = (
				AA44F7262959DA2D008101E1 /* TouchdownApp_SwiftUI.app */,
			);
			name = Products;
			sourceTree = "<group>";
		};
		AA44F7282959DA2D008101E1 /* TouchdownApp_SwiftUI */ = {
			isa = PBXGroup;
			children = (
				AA7F85A22959E20800F0D26A /* App */,
				AA7F85A32959E23400F0D26A /* View */,
				AA44F7372959E0FA008101E1 /* Data */,
				AA7F85A62959E24900F0D26A /* Model */,
				AA7F85A72959E25100F0D26A /* Extension */,
				AA7F85A82959E26A00F0D26A /* Utility */,
				AA44F72D2959DA2F008101E1 /* Assets.xcassets */,
				AA44F7402959E159008101E1 /* TouchdownApp-SwiftUI-Info.plist */,
				AA44F72F2959DA2F008101E1 /* Preview Content */,
			);
			path = TouchdownApp_SwiftUI;
			sourceTree = "<group>";
		};
		AA44F72F2959DA2F008101E1 /* Preview Content */ = {
			isa = PBXGroup;
			children = (
				AA44F7302959DA2F008101E1 /* Preview Assets.xcassets */,
			);
			path = "Preview Content";
			sourceTree = "<group>";
		};
		AA44F7372959E0FA008101E1 /* Data */ = {
			isa = PBXGroup;
			children = (
				AA44F73B2959E103008101E1 /* brand.json */,
				AA44F7382959E103008101E1 /* category.json */,
				AA44F7392959E103008101E1 /* player.json */,
				AA44F73A2959E103008101E1 /* product.json */,
			);
			path = Data;
			sourceTree = "<group>";
		};
		AA7F85A22959E20800F0D26A /* App */ = {
			isa = PBXGroup;
			children = (
				AA44F7292959DA2D008101E1 /* TouchdownApp_SwiftUIApp.swift */,
				AA44F72B2959DA2D008101E1 /* ContentView.swift */,
			);
			path = App;
			sourceTree = "<group>";
		};
		AA7F85A32959E23400F0D26A /* View */ = {
			isa = PBXGroup;
			children = (
				AA7F85A42959E23900F0D26A /* Home */,
				AA7F85A52959E23D00F0D26A /* Detail */,
			);
			path = View;
			sourceTree = "<group>";
		};
		AA7F85A42959E23900F0D26A /* Home */ = {
			isa = PBXGroup;
			children = (
				AA7F85AB2959E37500F0D26A /* FooterView.swift */,
				AADDFE70295DA8DA0054885F /* NavigationBarView.swift */,
				AADDFE72295DAA2A0054885F /* LogoView.swift */,
				AADDFE78295DB73F0054885F /* FeaturedItemView.swift */,
				AADDFE7A295DB7E40054885F /* FeaturedTabView.swift */,
				AADDFE7E295DC70E0054885F /* CategoryItemView.swift */,
				AADDFE80295DC88B0054885F /* CategoryGridView.swift */,
				AADDFE82295DCA590054885F /* SectionView.swift */,
				AAEC7E67295EEBBD00811615 /* TitleView.swift */,
				AAEC7E6B295EED6700811615 /* ProductItemView.swift */,
			);
			path = Home;
			sourceTree = "<group>";
		};
		AA7F85A52959E23D00F0D26A /* Detail */ = {
			isa = PBXGroup;
			children = (
			);
			path = Detail;
			sourceTree = "<group>";
		};
		AA7F85A62959E24900F0D26A /* Model */ = {
			isa = PBXGroup;
			children = (
				AADDFE74295DB5CF0054885F /* PlayerModel.swift */,
				AADDFE7C295DC5890054885F /* CategoryModel.swift */,
				AAEC7E69295EECAD00811615 /* ProductModel.swift */,
			);
			path = Model;
			sourceTree = "<group>";
		};
		AA7F85A72959E25100F0D26A /* Extension */ = {
			isa = PBXGroup;
			children = (
				AADDFE76295DB5FB0054885F /* CodableBundleExtension.swift */,
			);
			path = Extension;
			sourceTree = "<group>";
		};
		AA7F85A82959E26A00F0D26A /* Utility */ = {
			isa = PBXGroup;
			children = (
				AA7F85A92959E2C000F0D26A /* Constant.swift */,
			);
			path = Utility;
			sourceTree = "<group>";
		};
/* End PBXGroup section */

/* Begin PBXNativeTarget section */
		AA44F7252959DA2D008101E1 /* TouchdownApp_SwiftUI */ = {
			isa = PBXNativeTarget;
			buildConfigurationList = AA44F7342959DA2F008101E1 /* Build configuration list for PBXNativeTarget "TouchdownApp_SwiftUI" */;
			buildPhases = (
				AA44F7222959DA2D008101E1 /* Sources */,
				AA44F7232959DA2D008101E1 /* Frameworks */,
				AA44F7242959DA2D008101E1 /* Resources */,
			);
			buildRules = (
			);
			dependencies = (
			);
			name = TouchdownApp_SwiftUI;
			productName = TouchdownApp_SwiftUI;
			productReference = AA44F7262959DA2D008101E1 /* TouchdownApp_SwiftUI.app */;
			productType = "com.apple.product-type.application";
		};
/* End PBXNativeTarget section */

/* Begin PBXProject section */
		AA44F71E2959DA2D008101E1 /* Project object */ = {
			isa = PBXProject;
			attributes = {
				BuildIndependentTargetsInParallel = 1;
				LastSwiftUpdateCheck = 1420;
				LastUpgradeCheck = 1420;
				TargetAttributes = {
					AA44F7252959DA2D008101E1 = {
						CreatedOnToolsVersion = 14.2;
					};
				};
			};
			buildConfigurationList = AA44F7212959DA2D008101E1 /* Build configuration list for PBXProject "TouchdownApp_SwiftUI" */;
			compatibilityVersion = "Xcode 14.0";
			developmentRegion = en;
			hasScannedForEncodings = 0;
			knownRegions = (
				en,
				Base,
			);
			mainGroup = AA44F71D2959DA2D008101E1;
			productRefGroup = AA44F7272959DA2D008101E1 /* Products */;
			projectDirPath = "";
			projectRoot = "";
			targets = (
				AA44F7252959DA2D008101E1 /* TouchdownApp_SwiftUI */,
			);
		};
/* End PBXProject section */

/* Begin PBXResourcesBuildPhase section */
		AA44F7242959DA2D008101E1 /* Resources */ = {
			isa = PBXResourcesBuildPhase;
			buildActionMask = 2147483647;
			files = (
				AA44F73D2959E103008101E1 /* player.json in Resources */,
				AA44F73C2959E103008101E1 /* category.json in Resources */,
				AA44F7312959DA2F008101E1 /* Preview Assets.xcassets in Resources */,
				AA44F72E2959DA2F008101E1 /* Assets.xcassets in Resources */,
				AA44F73E2959E103008101E1 /* product.json in Resources */,
				AA44F73F2959E103008101E1 /* brand.json in Resources */,
			);
			runOnlyForDeploymentPostprocessing = 0;
		};
/* End PBXResourcesBuildPhase section */

/* Begin PBXSourcesBuildPhase section */
		AA44F7222959DA2D008101E1 /* Sources */ = {
			isa = PBXSourcesBuildPhase;
			buildActionMask = 2147483647;
			files = (
				AADDFE77295DB5FB0054885F /* CodableBundleExtension.swift in Sources */,
				AA44F72C2959DA2D008101E1 /* ContentView.swift in Sources */,
				AADDFE73295DAA2A0054885F /* LogoView.swift in Sources */,
				AA7F85AC2959E37500F0D26A /* FooterView.swift in Sources */,
				AADDFE79295DB73F0054885F /* FeaturedItemView.swift in Sources */,
				AAEC7E6C295EED6700811615 /* ProductItemView.swift in Sources */,
				AA44F72A2959DA2D008101E1 /* TouchdownApp_SwiftUIApp.swift in Sources */,
				AA7F85AA2959E2C000F0D26A /* Constant.swift in Sources */,
				AADDFE81295DC88B0054885F /* CategoryGridView.swift in Sources */,
				AADDFE7D295DC5890054885F /* CategoryModel.swift in Sources */,
				AADDFE71295DA8DA0054885F /* NavigationBarView.swift in Sources */,
				AADDFE83295DCA590054885F /* SectionView.swift in Sources */,
				AADDFE7F295DC70E0054885F /* CategoryItemView.swift in Sources */,
				AADDFE7B295DB7E40054885F /* FeaturedTabView.swift in Sources */,
				AADDFE75295DB5CF0054885F /* PlayerModel.swift in Sources */,
				AAEC7E68295EEBBD00811615 /* TitleView.swift in Sources */,
				AAEC7E6A295EECAD00811615 /* ProductModel.swift in Sources */,
			);
			runOnlyForDeploymentPostprocessing = 0;
		};
/* End PBXSourcesBuildPhase section */

/* Begin XCBuildConfiguration section */
		AA44F7322959DA2F008101E1 /* Debug */ = {
			isa = XCBuildConfiguration;
			buildSettings = {
				ALWAYS_SEARCH_USER_PATHS = NO;
				CLANG_ANALYZER_NONNULL = YES;
				CLANG_ANALYZER_NUMBER_OBJECT_CONVERSION = YES_AGGRESSIVE;
				CLANG_CXX_LANGUAGE_STANDARD = "gnu++20";
				CLANG_ENABLE_MODULES = YES;
				CLANG_ENABLE_OBJC_ARC = YES;
				CLANG_ENABLE_OBJC_WEAK = YES;
				CLANG_WARN_BLOCK_CAPTURE_AUTORELEASING = YES;
				CLANG_WARN_BOOL_CONVERSION = YES;
				CLANG_WARN_COMMA = YES;
				CLANG_WARN_CONSTANT_CONVERSION = YES;
				CLANG_WARN_DEPRECATED_OBJC_IMPLEMENTATIONS = YES;
				CLANG_WARN_DIRECT_OBJC_ISA_USAGE = YES_ERROR;
				CLANG_WARN_DOCUMENTATION_COMMENTS = YES;
				CLANG_WARN_EMPTY_BODY = YES;
				CLANG_WARN_ENUM_CONVERSION = YES;
				CLANG_WARN_INFINITE_RECURSION = YES;
				CLANG_WARN_INT_CONVERSION = YES;
				CLANG_WARN_NON_LITERAL_NULL_CONVERSION = YES;
				CLANG_WARN_OBJC_IMPLICIT_RETAIN_SELF = YES;
				CLANG_WARN_OBJC_LITERAL_CONVERSION = YES;
				CLANG_WARN_OBJC_ROOT_CLASS = YES_ERROR;
				CLANG_WARN_QUOTED_INCLUDE_IN_FRAMEWORK_HEADER = YES;
				CLANG_WARN_RANGE_LOOP_ANALYSIS = YES;
				CLANG_WARN_STRICT_PROTOTYPES = YES;
				CLANG_WARN_SUSPICIOUS_MOVE = YES;
				CLANG_WARN_UNGUARDED_AVAILABILITY = YES_AGGRESSIVE;
				CLANG_WARN_UNREACHABLE_CODE = YES;
				CLANG_WARN__DUPLICATE_METHOD_MATCH = YES;
				COPY_PHASE_STRIP = NO;
				DEBUG_INFORMATION_FORMAT = dwarf;
				ENABLE_STRICT_OBJC_MSGSEND = YES;
				ENABLE_TESTABILITY = YES;
				GCC_C_LANGUAGE_STANDARD = gnu11;
				GCC_DYNAMIC_NO_PIC = NO;
				GCC_NO_COMMON_BLOCKS = YES;
				GCC_OPTIMIZATION_LEVEL = 0;
				GCC_PREPROCESSOR_DEFINITIONS = (
					"DEBUG=1",
					"$(inherited)",
				);
				GCC_WARN_64_TO_32_BIT_CONVERSION = YES;
				GCC_WARN_ABOUT_RETURN_TYPE = YES_ERROR;
				GCC_WARN_UNDECLARED_SELECTOR = YES;
				GCC_WARN_UNINITIALIZED_AUTOS = YES_AGGRESSIVE;
				GCC_WARN_UNUSED_FUNCTION = YES;
				GCC_WARN_UNUSED_VARIABLE = YES;
				IPHONEOS_DEPLOYMENT_TARGET = 16.2;
				MTL_ENABLE_DEBUG_INFO = INCLUDE_SOURCE;
				MTL_FAST_MATH = YES;
				ONLY_ACTIVE_ARCH = YES;
				SDKROOT = iphoneos;
				SWIFT_ACTIVE_COMPILATION_CONDITIONS = DEBUG;
				SWIFT_OPTIMIZATION_LEVEL = "-Onone";
			};
			name = Debug;
		};
		AA44F7332959DA2F008101E1 /* Release */ = {
			isa = XCBuildConfiguration;
			buildSettings = {
				ALWAYS_SEARCH_USER_PATHS = NO;
				CLANG_ANALYZER_NONNULL = YES;
				CLANG_ANALYZER_NUMBER_OBJECT_CONVERSION = YES_AGGRESSIVE;
				CLANG_CXX_LANGUAGE_STANDARD = "gnu++20";
				CLANG_ENABLE_MODULES = YES;
				CLANG_ENABLE_OBJC_ARC = YES;
				CLANG_ENABLE_OBJC_WEAK = YES;
				CLANG_WARN_BLOCK_CAPTURE_AUTORELEASING = YES;
				CLANG_WARN_BOOL_CONVERSION = YES;
				CLANG_WARN_COMMA = YES;
				CLANG_WARN_CONSTANT_CONVERSION = YES;
				CLANG_WARN_DEPRECATED_OBJC_IMPLEMENTATIONS = YES;
				CLANG_WARN_DIRECT_OBJC_ISA_USAGE = YES_ERROR;
				CLANG_WARN_DOCUMENTATION_COMMENTS = YES;
				CLANG_WARN_EMPTY_BODY = YES;
				CLANG_WARN_ENUM_CONVERSION = YES;
				CLANG_WARN_INFINITE_RECURSION = YES;
				CLANG_WARN_INT_CONVERSION = YES;
				CLANG_WARN_NON_LITERAL_NULL_CONVERSION = YES;
				CLANG_WARN_OBJC_IMPLICIT_RETAIN_SELF = YES;
				CLANG_WARN_OBJC_LITERAL_CONVERSION = YES;
				CLANG_WARN_OBJC_ROOT_CLASS = YES_ERROR;
				CLANG_WARN_QUOTED_INCLUDE_IN_FRAMEWORK_HEADER = YES;
				CLANG_WARN_RANGE_LOOP_ANALYSIS = YES;
				CLANG_WARN_STRICT_PROTOTYPES = YES;
				CLANG_WARN_SUSPICIOUS_MOVE = YES;
				CLANG_WARN_UNGUARDED_AVAILABILITY = YES_AGGRESSIVE;
				CLANG_WARN_UNREACHABLE_CODE = YES;
				CLANG_WARN__DUPLICATE_METHOD_MATCH = YES;
				COPY_PHASE_STRIP = NO;
				DEBUG_INFORMATION_FORMAT = "dwarf-with-dsym";
				ENABLE_NS_ASSERTIONS = NO;
				ENABLE_STRICT_OBJC_MSGSEND = YES;
				GCC_C_LANGUAGE_STANDARD = gnu11;
				GCC_NO_COMMON_BLOCKS = YES;
				GCC_WARN_64_TO_32_BIT_CONVERSION = YES;
				GCC_WARN_ABOUT_RETURN_TYPE = YES_ERROR;
				GCC_WARN_UNDECLARED_SELECTOR = YES;
				GCC_WARN_UNINITIALIZED_AUTOS = YES_AGGRESSIVE;
				GCC_WARN_UNUSED_FUNCTION = YES;
				GCC_WARN_UNUSED_VARIABLE = YES;
				IPHONEOS_DEPLOYMENT_TARGET = 16.2;
				MTL_ENABLE_DEBUG_INFO = NO;
				MTL_FAST_MATH = YES;
				SDKROOT = iphoneos;
				SWIFT_COMPILATION_MODE = wholemodule;
				SWIFT_OPTIMIZATION_LEVEL = "-O";
				VALIDATE_PRODUCT = YES;
			};
			name = Release;
		};
		AA44F7352959DA2F008101E1 /* Debug */ = {
			isa = XCBuildConfiguration;
			buildSettings = {
				ASSETCATALOG_COMPILER_APPICON_NAME = AppIcon;
				ASSETCATALOG_COMPILER_GLOBAL_ACCENT_COLOR_NAME = AccentColor;
				CODE_SIGN_STYLE = Automatic;
				CURRENT_PROJECT_VERSION = 1;
				DEVELOPMENT_ASSET_PATHS = "\"TouchdownApp_SwiftUI/Preview Content\"";
				DEVELOPMENT_TEAM = 3C46X4Z4X4;
				ENABLE_PREVIEWS = YES;
				GENERATE_INFOPLIST_FILE = YES;
				INFOPLIST_FILE = "TouchdownApp-SwiftUI-Info.plist";
				INFOPLIST_KEY_UIApplicationSceneManifest_Generation = YES;
				INFOPLIST_KEY_UIApplicationSupportsIndirectInputEvents = YES;
				INFOPLIST_KEY_UISupportedInterfaceOrientations = UIInterfaceOrientationPortrait;
				INFOPLIST_KEY_UISupportedInterfaceOrientations_iPad = "UIInterfaceOrientationLandscapeLeft UIInterfaceOrientationLandscapeRight UIInterfaceOrientationPortrait UIInterfaceOrientationPortraitUpsideDown";
				INFOPLIST_KEY_UIUserInterfaceStyle = Light;
				IPHONEOS_DEPLOYMENT_TARGET = 15.0;
				LD_RUNPATH_SEARCH_PATHS = (
					"$(inherited)",
					"@executable_path/Frameworks",
				);
				MARKETING_VERSION = 1.0;
				PRODUCT_BUNDLE_IDENTIFIER = "iashurkov.TouchdownApp-SwiftUI";
				PRODUCT_NAME = "$(TARGET_NAME)";
				SWIFT_EMIT_LOC_STRINGS = YES;
				SWIFT_VERSION = 5.0;
				TARGETED_DEVICE_FAMILY = "1,2";
			};
			name = Debug;
		};
		AA44F7362959DA2F008101E1 /* Release */ = {
			isa = XCBuildConfiguration;
			buildSettings = {
				ASSETCATALOG_COMPILER_APPICON_NAME = AppIcon;
				ASSETCATALOG_COMPILER_GLOBAL_ACCENT_COLOR_NAME = AccentColor;
				CODE_SIGN_STYLE = Automatic;
				CURRENT_PROJECT_VERSION = 1;
				DEVELOPMENT_ASSET_PATHS = "\"TouchdownApp_SwiftUI/Preview Content\"";
				DEVELOPMENT_TEAM = 3C46X4Z4X4;
				ENABLE_PREVIEWS = YES;
				GENERATE_INFOPLIST_FILE = YES;
				INFOPLIST_FILE = "TouchdownApp-SwiftUI-Info.plist";
				INFOPLIST_KEY_UIApplicationSceneManifest_Generation = YES;
				INFOPLIST_KEY_UIApplicationSupportsIndirectInputEvents = YES;
				INFOPLIST_KEY_UISupportedInterfaceOrientations = UIInterfaceOrientationPortrait;
				INFOPLIST_KEY_UISupportedInterfaceOrientations_iPad = "UIInterfaceOrientationLandscapeLeft UIInterfaceOrientationLandscapeRight UIInterfaceOrientationPortrait UIInterfaceOrientationPortraitUpsideDown";
				INFOPLIST_KEY_UIUserInterfaceStyle = Light;
				IPHONEOS_DEPLOYMENT_TARGET = 15.0;
				LD_RUNPATH_SEARCH_PATHS = (
					"$(inherited)",
					"@executable_path/Frameworks",
				);
				MARKETING_VERSION = 1.0;
				PRODUCT_BUNDLE_IDENTIFIER = "iashurkov.TouchdownApp-SwiftUI";
				PRODUCT_NAME = "$(TARGET_NAME)";
				SWIFT_EMIT_LOC_STRINGS = YES;
				SWIFT_VERSION = 5.0;
				TARGETED_DEVICE_FAMILY = "1,2";
			};
			name = Release;
		};
/* End XCBuildConfiguration section */

/* Begin XCConfigurationList section */
		AA44F7212959DA2D008101E1 /* Build configuration list for PBXProject "TouchdownApp_SwiftUI" */ = {
			isa = XCConfigurationList;
			buildConfigurations = (
				AA44F7322959DA2F008101E1 /* Debug */,
				AA44F7332959DA2F008101E1 /* Release */,
			);
			defaultConfigurationIsVisible = 0;
			defaultConfigurationName = Release;
		};
		AA44F7342959DA2F008101E1 /* Build configuration list for PBXNativeTarget "TouchdownApp_SwiftUI" */ = {
			isa = XCConfigurationList;
			buildConfigurations = (
				AA44F7352959DA2F008101E1 /* Debug */,
				AA44F7362959DA2F008101E1 /* Release */,
			);
			defaultConfigurationIsVisible = 0;
			defaultConfigurationName = Release;
		};
/* End XCConfigurationList section */
	};
	rootObject = AA44F71E2959DA2D008101E1 /* Project object */;
}
